
Microsoft Visual Studio Solution File, Format Version 12.00
# Visual Studio Version 17
VisualStudioVersion = 17.13.35818.85 d17.13
MinimumVisualStudioVersion = 10.0.40219.1
Project("{FAE04EC0-301F-11D3-BF4B-00C04F79EFBC}") = "Пип", "Пип\Пип.csproj", "{D20FEED9-72CA-4241-8FD1-5C48D35BD070}"
EndProject
Global
	GlobalSection(SolutionConfigurationPlatforms) = preSolution
		Debug|Any CPU = Debug|Any CPU
		Release|Any CPU = Release|Any CPU
	EndGlobalSection
	GlobalSection(ProjectConfigurationPlatforms) = postSolution
		{D20FEED9-72CA-4241-8FD1-5C48D35BD070}.Debug|Any CPU.ActiveCfg = Debug|Any CPU
		{D20FEED9-72CA-4241-8FD1-5C48D35BD070}.Debug|Any CPU.Build.0 = Debug|Any CPU
		{D20FEED9-72CA-4241-8FD1-5C48D35BD070}.Release|Any CPU.ActiveCfg = Release|Any CPU
		{D20FEED9-72CA-4241-8FD1-5C48D35BD070}.Release|Any CPU.Build.0 = Release|Any CPU
	EndGlobalSection
	GlobalSection(SolutionProperties) = preSolution
		HideSolutionNode = FALSE
	EndGlobalSection
	GlobalSection(ExtensibilityGlobals) = postSolution
		SolutionGuid = {EF17DD94-833B-4FDC-9743-BB8CEA1A3A36}
	EndGlobalSection
EndGlobal
